PODS:
  - Alamofire (3.3.0)
  - ARChromeActivity (1.0.5)
  - Argo (2.3.0)
  - Curry (2.0.0)
  - DZNEmptyDataSet (1.7.3)
  - FontAwesomeKit (2.2.0):
    - FontAwesomeKit/Core (= 2.2.0)
    - FontAwesomeKit/FontAwesome (= 2.2.0)
    - FontAwesomeKit/FoundationIcons (= 2.2.0)
    - FontAwesomeKit/IonIcons (= 2.2.0)
    - FontAwesomeKit/Zocial (= 2.2.0)
  - FontAwesomeKit/Core (2.2.0)
  - FontAwesomeKit/FontAwesome (2.2.0):
    - FontAwesomeKit/Core
  - FontAwesomeKit/FoundationIcons (2.2.0):
    - FontAwesomeKit/Core
  - FontAwesomeKit/IonIcons (2.2.0):
    - FontAwesomeKit/Core
  - FontAwesomeKit/Zocial (2.2.0):
    - FontAwesomeKit/Core
  - KINWebBrowser (1.3.2):
    - ARChromeActivity (= 1.0.5)
    - TUSafariActivity (= 1.0.4)
  - Moya (6.3.1):
    - Moya/Core (= 6.3.1)
  - Moya-Argo/Core (1.0.0):
    - Argo
    - Moya
  - Moya-Argo/RxSwift (1.0.0):
    - Moya-Argo/Core
    - Moya/RxSwift
  - Moya/Core (6.3.1):
    - Alamofire (~> 3.0)
    - Result (~> 1.0)
  - Moya/RxSwift (6.3.1):
    - Moya/Core
    - RxSwift (~> 2.0)
  - MWFeedParser (1.0.1):
    - MWFeedParser/FeedParser (= 1.0.1)
    - MWFeedParser/NSDate+InternetDateTime (= 1.0.1)
    - MWFeedParser/NSString+HTML (= 1.0.1)
  - MWFeedParser/FeedParser (1.0.1):
    - MWFeedParser/NSDate+InternetDateTime
    - MWFeedParser/NSString+HTML
  - MWFeedParser/NSDate+InternetDateTime (1.0.1)
  - MWFeedParser/NSString+HTML (1.0.1)
  - Result (1.0.2)
  - RxCocoa (2.3.1):
    - RxSwift (~> 2.3.1)
  - RxSwift (2.3.1)
  - TUSafariActivity (1.0.4)

DEPENDENCIES:
  - Curry
  - DZNEmptyDataSet
  - FontAwesomeKit
  - KINWebBrowser
  - Moya-Argo/RxSwift
  - Moya/RxSwift
  - MWFeedParser
  - RxCocoa (~> 2.0)
  - RxSwift (~> 2.0)

SPEC CHECKSUMS:
  Alamofire: 9054db4a1b1ca9e363223183e01cea380159a27c
  ARChromeActivity: 821c7849b566f49583987468733a896fee35aa4d
  Argo: 3dbecf4204b1a3cdd1df88ebd5e23d01b652d34b
  Curry: 5c5c5887d80fa22ca2133c7ea4d48c4d02283c0a
  DZNEmptyDataSet: dd7cca17c1d07dfa78956859b1e70a52505678ef
  FontAwesomeKit: 025fd4dd1017fe4e3f8d47b03e024deedbb33cd4
  KINWebBrowser: 27aa857a2aa39063ed102cca781d130b679d205f
  Moya: 852e26948a3771355ddf0f0109ac779b6fc30f28
  Moya-Argo: e204aff3526524596f7ee5de78d338320973b141
  MWFeedParser: 2cf646014c1baf6ad1b08c480b40a08180079247
  Result: dd3dd71af3fa2e262f1a999e14fba2c25ec14f16
  RxCocoa: a2baaf3462b989559a51dce59d78fbebb8fe0afa
  RxSwift: 829b2843e9eddc77a02cb3f5117f0d55f8f646f1
  TUSafariActivity: afc55a00965377939107ce4fdc7f951f62454546

PODFILE CHECKSUM: 0036a47bd7645a17559444dc064ba9936436ed76

COCOAPODS: 1.0.0.beta.6
