<?xml version="1.0" encoding="UTF-8"?>
<!DOCTYPE plist PUBLIC "-//Apple//DTD PLIST 1.0//EN" "http://www.apple.com/DTDs/PropertyList-1.0.dtd">
<plist version="1.0">
<dict>
	<key>archiveVersion</key>
	<string>1</string>
	<key>classes</key>
	<dict/>
	<key>objectVersion</key>
	<string>46</string>
	<key>objects</key>
	<dict>
		<key>08718B47E01ACC47F1307CF3</key>
		<dict>
			<key>buildActionMask</key>
			<string>2147483647</string>
			<key>files</key>
			<array/>
			<key>inputPaths</key>
			<array/>
			<key>isa</key>
			<string>PBXShellScriptBuildPhase</string>
			<key>name</key>
			<string>&#128230; Copy Pods Resources</string>
			<key>outputPaths</key>
			<array/>
			<key>runOnlyForDeploymentPostprocessing</key>
			<string>0</string>
			<key>shellPath</key>
			<string>/bin/sh</string>
			<key>shellScript</key>
			<string>"${SRCROOT}/Pods/Target Support Files/Pods-Advance CarolinaTests/Pods-Advance CarolinaTests-resources.sh"
</string>
			<key>showEnvVarsInLog</key>
			<string>0</string>
		</dict>
		<key>146D6764F6EB65CF4F2ECB05</key>
		<dict>
			<key>buildActionMask</key>
			<string>2147483647</string>
			<key>files</key>
			<array/>
			<key>inputPaths</key>
			<array/>
			<key>isa</key>
			<string>PBXShellScriptBuildPhase</string>
			<key>name</key>
			<string>Copy Pods Resources</string>
			<key>outputPaths</key>
			<array/>
			<key>runOnlyForDeploymentPostprocessing</key>
			<string>0</string>
			<key>shellPath</key>
			<string>/bin/sh</string>
			<key>shellScript</key>
			<string>"${SRCROOT}/Pods/Target Support Files/Pods-Advance CarolinaUITests/Pods-Advance CarolinaUITests-resources.sh"
</string>
			<key>showEnvVarsInLog</key>
			<string>0</string>
		</dict>
		<key>236C57677CAB25482899B653</key>
		<dict>
			<key>explicitFileType</key>
			<string>wrapper.framework</string>
			<key>includeInIndex</key>
			<string>0</string>
			<key>isa</key>
			<string>PBXFileReference</string>
			<key>path</key>
			<string>Pods_Advance_CarolinaUITests.framework</string>
			<key>sourceTree</key>
			<string>BUILT_PRODUCTS_DIR</string>
		</dict>
		<key>293D6150D4B7A68F7527E826</key>
		<dict>
			<key>explicitFileType</key>
			<string>wrapper.framework</string>
			<key>includeInIndex</key>
			<string>0</string>
			<key>isa</key>
			<string>PBXFileReference</string>
			<key>path</key>
			<string>Pods_Advance_CarolinaTests.framework</string>
			<key>sourceTree</key>
			<string>BUILT_PRODUCTS_DIR</string>
		</dict>
		<key>2C571B2BA71CAC64E1C6C09C</key>
		<dict>
			<key>includeInIndex</key>
			<string>1</string>
			<key>isa</key>
			<string>PBXFileReference</string>
			<key>lastKnownFileType</key>
			<string>text.xcconfig</string>
			<key>name</key>
			<string>Pods-Advance CarolinaTests.debug.xcconfig</string>
			<key>path</key>
			<string>Pods/Target Support Files/Pods-Advance CarolinaTests/Pods-Advance CarolinaTests.debug.xcconfig</string>
			<key>sourceTree</key>
			<string>&lt;group&gt;</string>
		</dict>
		<key>2FD6D9F48B308BDCD77D1031</key>
		<dict>
			<key>buildActionMask</key>
			<string>2147483647</string>
			<key>files</key>
			<array/>
			<key>inputPaths</key>
			<array/>
			<key>isa</key>
			<string>PBXShellScriptBuildPhase</string>
			<key>name</key>
			<string>Check Pods Manifest.lock</string>
			<key>outputPaths</key>
			<array/>
			<key>runOnlyForDeploymentPostprocessing</key>
			<string>0</string>
			<key>shellPath</key>
			<string>/bin/sh</string>
			<key>shellScript</key>
			<string>diff "${PODS_ROOT}/../Podfile.lock" "${PODS_ROOT}/Manifest.lock" &gt; /dev/null
if [[ $? != 0 ]] ; then
    cat &lt;&lt; EOM
error: The sandbox is not in sync with the Podfile.lock. Run 'pod install' or update your CocoaPods installation.
EOM
    exit 1
fi
</string>
			<key>showEnvVarsInLog</key>
			<string>0</string>
		</dict>
		<key>334E495CE8BD67EA0EF69A6D</key>
		<dict>
			<key>fileRef</key>
			<string>D8D92BB2CF6AB8422DF10046</string>
			<key>isa</key>
			<string>PBXBuildFile</string>
		</dict>
		<key>3777BD80AA71C6F253631B78</key>
		<dict>
			<key>buildActionMask</key>
			<string>2147483647</string>
			<key>files</key>
			<array/>
			<key>inputPaths</key>
			<array/>
			<key>isa</key>
			<string>PBXShellScriptBuildPhase</string>
			<key>name</key>
			<string>Copy Pods Resources</string>
			<key>outputPaths</key>
			<array/>
			<key>runOnlyForDeploymentPostprocessing</key>
			<string>0</string>
			<key>shellPath</key>
			<string>/bin/sh</string>
			<key>shellScript</key>
			<string>"${SRCROOT}/Pods/Target Support Files/Pods-Advance CarolinaTests/Pods-Advance CarolinaTests-resources.sh"
</string>
			<key>showEnvVarsInLog</key>
			<string>0</string>
		</dict>
		<key>44E93549CAFCC91AA740C877</key>
		<dict>
			<key>buildActionMask</key>
			<string>2147483647</string>
			<key>files</key>
			<array/>
			<key>inputPaths</key>
			<array/>
			<key>isa</key>
			<string>PBXShellScriptBuildPhase</string>
			<key>name</key>
			<string>&#128230; Check Pods Manifest.lock</string>
			<key>outputPaths</key>
			<array/>
			<key>runOnlyForDeploymentPostprocessing</key>
			<string>0</string>
			<key>shellPath</key>
			<string>/bin/sh</string>
			<key>shellScript</key>
			<string>diff "${PODS_ROOT}/../Podfile.lock" "${PODS_ROOT}/Manifest.lock" &gt; /dev/null
if [[ $? != 0 ]] ; then
    cat &lt;&lt; EOM
error: The sandbox is not in sync with the Podfile.lock. Run 'pod install' or update your CocoaPods installation.
EOM
    exit 1
fi
</string>
			<key>showEnvVarsInLog</key>
			<string>0</string>
		</dict>
		<key>5C4438E273CCE42369376608</key>
		<dict>
			<key>buildActionMask</key>
			<string>2147483647</string>
			<key>files</key>
			<array/>
			<key>inputPaths</key>
			<array/>
			<key>isa</key>
			<string>PBXShellScriptBuildPhase</string>
			<key>name</key>
			<string>&#128230; Embed Pods Frameworks</string>
			<key>outputPaths</key>
			<array/>
			<key>runOnlyForDeploymentPostprocessing</key>
			<string>0</string>
			<key>shellPath</key>
			<string>/bin/sh</string>
			<key>shellScript</key>
			<string>"${SRCROOT}/Pods/Target Support Files/Pods-Advance CarolinaTests/Pods-Advance CarolinaTests-frameworks.sh"
</string>
			<key>showEnvVarsInLog</key>
			<string>0</string>
		</dict>
		<key>5D077C8214D7E7D794672CB7</key>
		<dict>
			<key>includeInIndex</key>
			<string>1</string>
			<key>isa</key>
			<string>PBXFileReference</string>
			<key>lastKnownFileType</key>
			<string>text.xcconfig</string>
			<key>name</key>
			<string>Pods-Advance Carolina.debug.xcconfig</string>
			<key>path</key>
			<string>Pods/Target Support Files/Pods-Advance Carolina/Pods-Advance Carolina.debug.xcconfig</string>
			<key>sourceTree</key>
			<string>&lt;group&gt;</string>
		</dict>
		<key>612FDAFBB8AD39C95F937643</key>
		<dict>
			<key>children</key>
			<array>
				<string>5D077C8214D7E7D794672CB7</string>
				<string>FA89F67263DED880897DB506</string>
				<string>2C571B2BA71CAC64E1C6C09C</string>
				<string>76B77AEC8D3AF6BA8D5ECAC2</string>
				<string>99B839B7C584F4AF091FC6B7</string>
				<string>9A15BC5EE2430D90FA7DAC27</string>
			</array>
			<key>isa</key>
			<string>PBXGroup</string>
			<key>name</key>
			<string>Pods</string>
			<key>sourceTree</key>
			<string>&lt;group&gt;</string>
		</dict>
		<key>64263FF51C99F27100FBD584</key>
		<dict>
			<key>children</key>
			<array>
				<string>64263FF61C99F27E00FBD584</string>
			</array>
			<key>isa</key>
			<string>PBXGroup</string>
			<key>name</key>
			<string>Fonts</string>
			<key>sourceTree</key>
			<string>&lt;group&gt;</string>
		</dict>
		<key>64263FF61C99F27E00FBD584</key>
		<dict>
			<key>isa</key>
			<string>PBXFileReference</string>
			<key>lastKnownFileType</key>
			<string>file</string>
			<key>path</key>
			<string>FontAwesome.otf</string>
			<key>sourceTree</key>
			<string>&lt;group&gt;</string>
		</dict>
		<key>64263FF71C99F27E00FBD584</key>
		<dict>
			<key>fileRef</key>
			<string>64263FF61C99F27E00FBD584</string>
			<key>isa</key>
			<string>PBXBuildFile</string>
		</dict>
		<key>64263FF81C99F89A00FBD584</key>
		<dict>
			<key>children</key>
			<array>
				<string>D19399B51CB0985500BC8E5D</string>
				<string>D173EFAB1C93A24500593DFD</string>
				<string>D128D8141C8F676B002DE1CE</string>
				<string>D128D80D1C8F6143002DE1CE</string>
				<string>D10C06B41C8E2F92005B6B23</string>
				<string>D128D81C1C8F7B2B002DE1CE</string>
				<string>D173EFAD1C93BADE00593DFD</string>
				<string>64263FF91C99F8E800FBD584</string>
			</array>
			<key>isa</key>
			<string>PBXGroup</string>
			<key>name</key>
			<string>Controllers</string>
			<key>sourceTree</key>
			<string>&lt;group&gt;</string>
		</dict>
		<key>64263FF91C99F8E800FBD584</key>
		<dict>
			<key>fileEncoding</key>
			<string>4</string>
			<key>isa</key>
			<string>PBXFileReference</string>
			<key>lastKnownFileType</key>
			<string>sourcecode.swift</string>
			<key>path</key>
			<string>TabBarController.swift</string>
			<key>sourceTree</key>
			<string>&lt;group&gt;</string>
		</dict>
		<key>64263FFA1C99F8E800FBD584</key>
		<dict>
			<key>fileRef</key>
			<string>64263FF91C99F8E800FBD584</string>
			<key>isa</key>
			<string>PBXBuildFile</string>
		</dict>
		<key>6467A3C51C986FF2002A1557</key>
		<dict>
			<key>fileEncoding</key>
			<string>4</string>
			<key>isa</key>
			<string>PBXFileReference</string>
			<key>lastKnownFileType</key>
			<string>sourcecode.swift</string>
			<key>path</key>
			<string>PollCell.swift</string>
			<key>sourceTree</key>
			<string>&lt;group&gt;</string>
		</dict>
		<key>6467A3C61C986FF2002A1557</key>
		<dict>
			<key>fileRef</key>
			<string>6467A3C51C986FF2002A1557</string>
			<key>isa</key>
			<string>PBXBuildFile</string>
		</dict>
		<key>6467A3C71C987348002A1557</key>
		<dict>
			<key>children</key>
			<array>
				<string>6467A3C81C987353002A1557</string>
			</array>
			<key>isa</key>
			<string>PBXGroup</string>
			<key>name</key>
			<string>Models</string>
			<key>sourceTree</key>
			<string>&lt;group&gt;</string>
		</dict>
		<key>6467A3C81C987353002A1557</key>
		<dict>
			<key>fileEncoding</key>
			<string>4</string>
			<key>isa</key>
			<string>PBXFileReference</string>
			<key>lastKnownFileType</key>
			<string>sourcecode.swift</string>
			<key>path</key>
			<string>PollModel.swift</string>
			<key>sourceTree</key>
			<string>&lt;group&gt;</string>
		</dict>
		<key>6467A3C91C987353002A1557</key>
		<dict>
			<key>fileRef</key>
			<string>6467A3C81C987353002A1557</string>
			<key>isa</key>
			<string>PBXBuildFile</string>
		</dict>
		<key>6467A3CA1C9873B5002A1557</key>
		<dict>
			<key>children</key>
			<array>
				<string>6467A3CB1C9873C2002A1557</string>
			</array>
			<key>isa</key>
			<string>PBXGroup</string>
			<key>name</key>
			<string>Networking</string>
			<key>sourceTree</key>
			<string>&lt;group&gt;</string>
		</dict>
		<key>6467A3CB1C9873C2002A1557</key>
		<dict>
			<key>fileEncoding</key>
			<string>4</string>
			<key>isa</key>
			<string>PBXFileReference</string>
			<key>lastKnownFileType</key>
			<string>sourcecode.swift</string>
			<key>path</key>
			<string>PollAPI.swift</string>
			<key>sourceTree</key>
			<string>&lt;group&gt;</string>
		</dict>
		<key>6467A3CC1C9873C2002A1557</key>
		<dict>
			<key>fileRef</key>
			<string>6467A3CB1C9873C2002A1557</string>
			<key>isa</key>
			<string>PBXBuildFile</string>
		</dict>
		<key>6467A3CD1C9887C7002A1557</key>
		<dict>
			<key>children</key>
			<array>
				<string>6467A3CE1C9887E3002A1557</string>
			</array>
			<key>isa</key>
			<string>PBXGroup</string>
			<key>name</key>
			<string>ViewModel</string>
			<key>sourceTree</key>
			<string>&lt;group&gt;</string>
		</dict>
		<key>6467A3CE1C9887E3002A1557</key>
		<dict>
			<key>fileEncoding</key>
			<string>4</string>
			<key>isa</key>
			<string>PBXFileReference</string>
			<key>lastKnownFileType</key>
			<string>sourcecode.swift</string>
			<key>path</key>
			<string>PollingLocationViewModel.swift</string>
			<key>sourceTree</key>
			<string>&lt;group&gt;</string>
		</dict>
		<key>6467A3CF1C9887E3002A1557</key>
		<dict>
			<key>fileRef</key>
			<string>6467A3CE1C9887E3002A1557</string>
			<key>isa</key>
			<string>PBXBuildFile</string>
		</dict>
		<key>64785D321C98E22F009EB8B0</key>
		<dict>
			<key>children</key>
			<array>
				<string>64785D331C98E254009EB8B0</string>
			</array>
			<key>isa</key>
			<string>PBXGroup</string>
			<key>name</key>
			<string>Helpers</string>
			<key>sourceTree</key>
			<string>&lt;group&gt;</string>
		</dict>
		<key>64785D331C98E254009EB8B0</key>
		<dict>
			<key>fileEncoding</key>
			<string>4</string>
			<key>isa</key>
			<string>PBXFileReference</string>
			<key>lastKnownFileType</key>
			<string>sourcecode.swift</string>
			<key>path</key>
			<string>PollModelResponseHelper.swift</string>
			<key>sourceTree</key>
			<string>&lt;group&gt;</string>
		</dict>
		<key>64785D341C98E254009EB8B0</key>
		<dict>
			<key>fileRef</key>
			<string>64785D331C98E254009EB8B0</string>
			<key>isa</key>
			<string>PBXBuildFile</string>
		</dict>
		<key>64CE27691CAE08DC008EE0E8</key>
		<dict>
			<key>fileEncoding</key>
			<string>4</string>
			<key>isa</key>
			<string>PBXFileReference</string>
			<key>lastKnownFileType</key>
			<string>sourcecode.swift</string>
			<key>path</key>
			<string>UIViewExtensions.swift</string>
			<key>sourceTree</key>
			<string>&lt;group&gt;</string>
		</dict>
		<key>64CE276A1CAE08DC008EE0E8</key>
		<dict>
			<key>fileRef</key>
			<string>64CE27691CAE08DC008EE0E8</string>
			<key>isa</key>
			<string>PBXBuildFile</string>
		</dict>
		<key>64CE276B1CAE08E1008EE0E8</key>
		<dict>
			<key>children</key>
			<array>
				<string>64CE27691CAE08DC008EE0E8</string>
			</array>
			<key>isa</key>
			<string>PBXGroup</string>
			<key>name</key>
			<string>Extensions</string>
			<key>sourceTree</key>
			<string>&lt;group&gt;</string>
		</dict>
		<key>64CE276C1CAE0AC0008EE0E8</key>
		<dict>
			<key>children</key>
			<array>
				<string>64CE276D1CAE0AC0008EE0E8</string>
			</array>
			<key>isa</key>
			<string>PBXVariantGroup</string>
			<key>name</key>
			<string>Home.storyboard</string>
			<key>sourceTree</key>
			<string>&lt;group&gt;</string>
		</dict>
		<key>64CE276D1CAE0AC0008EE0E8</key>
		<dict>
			<key>isa</key>
			<string>PBXFileReference</string>
			<key>lastKnownFileType</key>
			<string>file.storyboard</string>
			<key>name</key>
			<string>Base</string>
			<key>path</key>
			<string>Base.lproj/Home.storyboard</string>
			<key>sourceTree</key>
			<string>&lt;group&gt;</string>
		</dict>
		<key>64CE276E1CAE0AC0008EE0E8</key>
		<dict>
			<key>fileRef</key>
			<string>64CE276C1CAE0AC0008EE0E8</string>
			<key>isa</key>
			<string>PBXBuildFile</string>
		</dict>
		<key>64CE276F1CAE0B4A008EE0E8</key>
		<dict>
			<key>fileEncoding</key>
			<string>4</string>
			<key>isa</key>
			<string>PBXFileReference</string>
			<key>lastKnownFileType</key>
			<string>file.storyboard</string>
			<key>path</key>
			<string>Poll View.storyboard</string>
			<key>sourceTree</key>
			<string>&lt;group&gt;</string>
		</dict>
		<key>64CE27701CAE0B4A008EE0E8</key>
		<dict>
			<key>fileRef</key>
			<string>64CE276F1CAE0B4A008EE0E8</string>
			<key>isa</key>
			<string>PBXBuildFile</string>
		</dict>
		<key>64CE27711CAE0B6E008EE0E8</key>
		<dict>
			<key>children</key>
			<array>
				<string>64CE27721CAE0B6E008EE0E8</string>
			</array>
			<key>isa</key>
			<string>PBXVariantGroup</string>
			<key>name</key>
			<string>Sample Ballot.storyboard</string>
			<key>sourceTree</key>
			<string>&lt;group&gt;</string>
		</dict>
		<key>64CE27721CAE0B6E008EE0E8</key>
		<dict>
			<key>isa</key>
			<string>PBXFileReference</string>
			<key>lastKnownFileType</key>
			<string>file.storyboard</string>
			<key>name</key>
			<string>Base</string>
			<key>path</key>
			<string>Base.lproj/Sample Ballot.storyboard</string>
			<key>sourceTree</key>
			<string>&lt;group&gt;</string>
		</dict>
		<key>64CE27731CAE0B6E008EE0E8</key>
		<dict>
			<key>fileRef</key>
			<string>64CE27711CAE0B6E008EE0E8</string>
			<key>isa</key>
			<string>PBXBuildFile</string>
		</dict>
		<key>64CE27741CAE0B7F008EE0E8</key>
		<dict>
			<key>fileEncoding</key>
			<string>4</string>
			<key>isa</key>
			<string>PBXFileReference</string>
			<key>lastKnownFileType</key>
			<string>file.storyboard</string>
			<key>path</key>
			<string>Candidates.storyboard</string>
			<key>sourceTree</key>
			<string>&lt;group&gt;</string>
		</dict>
		<key>64CE27751CAE0B7F008EE0E8</key>
		<dict>
			<key>fileRef</key>
			<string>64CE27741CAE0B7F008EE0E8</string>
			<key>isa</key>
			<string>PBXBuildFile</string>
		</dict>
		<key>64CE27761CAE0B8C008EE0E8</key>
		<dict>
			<key>children</key>
			<array>
				<string>64CE27771CAE0B8C008EE0E8</string>
			</array>
			<key>isa</key>
			<string>PBXVariantGroup</string>
			<key>name</key>
			<string>News Feed.storyboard</string>
			<key>sourceTree</key>
			<string>&lt;group&gt;</string>
		</dict>
		<key>64CE27771CAE0B8C008EE0E8</key>
		<dict>
			<key>isa</key>
			<string>PBXFileReference</string>
			<key>lastKnownFileType</key>
			<string>file.storyboard</string>
			<key>name</key>
			<string>Base</string>
			<key>path</key>
			<string>Base.lproj/News Feed.storyboard</string>
			<key>sourceTree</key>
			<string>&lt;group&gt;</string>
		</dict>
		<key>64CE27781CAE0B8C008EE0E8</key>
		<dict>
			<key>fileRef</key>
			<string>64CE27761CAE0B8C008EE0E8</string>
			<key>isa</key>
			<string>PBXBuildFile</string>
		</dict>
		<key>64CE27791CAE0B99008EE0E8</key>
		<dict>
			<key>fileEncoding</key>
			<string>4</string>
			<key>isa</key>
			<string>PBXFileReference</string>
			<key>lastKnownFileType</key>
			<string>file.storyboard</string>
			<key>path</key>
			<string>Contact Us.storyboard</string>
			<key>sourceTree</key>
			<string>&lt;group&gt;</string>
		</dict>
		<key>64CE277A1CAE0B99008EE0E8</key>
		<dict>
			<key>fileRef</key>
			<string>64CE27791CAE0B99008EE0E8</string>
			<key>isa</key>
			<string>PBXBuildFile</string>
		</dict>
		<key>64CE277B1CAE0B9F008EE0E8</key>
		<dict>
			<key>children</key>
			<array>
				<string>D19399B71CB0985C00BC8E5D</string>
				<string>D10C06B61C8E2F92005B6B23</string>
				<string>64CE27791CAE0B99008EE0E8</string>
				<string>64CE27761CAE0B8C008EE0E8</string>
				<string>64CE27741CAE0B7F008EE0E8</string>
				<string>64CE27711CAE0B6E008EE0E8</string>
				<string>64CE276F1CAE0B4A008EE0E8</string>
				<string>64CE276C1CAE0AC0008EE0E8</string>
				<string>D19399B31CB0659A00BC8E5D</string>
			</array>
			<key>isa</key>
			<string>PBXGroup</string>
			<key>name</key>
			<string>Storyboards</string>
			<key>sourceTree</key>
			<string>&lt;group&gt;</string>
		</dict>
		<key>7652C995D093CFE3B79A119F</key>
		<dict>
			<key>buildActionMask</key>
			<string>2147483647</string>
			<key>files</key>
			<array/>
			<key>inputPaths</key>
			<array/>
			<key>isa</key>
			<string>PBXShellScriptBuildPhase</string>
			<key>name</key>
			<string>Embed Pods Frameworks</string>
			<key>outputPaths</key>
			<array/>
			<key>runOnlyForDeploymentPostprocessing</key>
			<string>0</string>
			<key>shellPath</key>
			<string>/bin/sh</string>
			<key>shellScript</key>
			<string>"${SRCROOT}/Pods/Target Support Files/Pods-Advance Carolina/Pods-Advance Carolina-frameworks.sh"
</string>
			<key>showEnvVarsInLog</key>
			<string>0</string>
		</dict>
		<key>76B77AEC8D3AF6BA8D5ECAC2</key>
		<dict>
			<key>includeInIndex</key>
			<string>1</string>
			<key>isa</key>
			<string>PBXFileReference</string>
			<key>lastKnownFileType</key>
			<string>text.xcconfig</string>
			<key>name</key>
			<string>Pods-Advance CarolinaTests.release.xcconfig</string>
			<key>path</key>
			<string>Pods/Target Support Files/Pods-Advance CarolinaTests/Pods-Advance CarolinaTests.release.xcconfig</string>
			<key>sourceTree</key>
			<string>&lt;group&gt;</string>
		</dict>
		<key>78127160650C1F98C6E09752</key>
		<dict>
			<key>fileRef</key>
			<string>236C57677CAB25482899B653</string>
			<key>isa</key>
			<string>PBXBuildFile</string>
		</dict>
		<key>9054B74D2E1BF2F3AF01DA75</key>
		<dict>
			<key>children</key>
			<array>
				<string>D128D81A1C8F700E002DE1CE</string>
				<string>D128D8181C8F7008002DE1CE</string>
				<string>D128D8161C8F6FFF002DE1CE</string>
				<string>D8D92BB2CF6AB8422DF10046</string>
				<string>293D6150D4B7A68F7527E826</string>
				<string>236C57677CAB25482899B653</string>
			</array>
			<key>isa</key>
			<string>PBXGroup</string>
			<key>name</key>
			<string>Frameworks</string>
			<key>sourceTree</key>
			<string>&lt;group&gt;</string>
		</dict>
		<key>986422C1B0B61CF45759E480</key>
		<dict>
			<key>buildActionMask</key>
			<string>2147483647</string>
			<key>files</key>
			<array/>
			<key>inputPaths</key>
			<array/>
			<key>isa</key>
			<string>PBXShellScriptBuildPhase</string>
			<key>name</key>
			<string>&#128230; Copy Pods Resources</string>
			<key>outputPaths</key>
			<array/>
			<key>runOnlyForDeploymentPostprocessing</key>
			<string>0</string>
			<key>shellPath</key>
			<string>/bin/sh</string>
			<key>shellScript</key>
			<string>"${SRCROOT}/Pods/Target Support Files/Pods-Advance CarolinaUITests/Pods-Advance CarolinaUITests-resources.sh"
</string>
			<key>showEnvVarsInLog</key>
			<string>0</string>
		</dict>
		<key>99B839B7C584F4AF091FC6B7</key>
		<dict>
			<key>includeInIndex</key>
			<string>1</string>
			<key>isa</key>
			<string>PBXFileReference</string>
			<key>lastKnownFileType</key>
			<string>text.xcconfig</string>
			<key>name</key>
			<string>Pods-Advance CarolinaUITests.debug.xcconfig</string>
			<key>path</key>
			<string>Pods/Target Support Files/Pods-Advance CarolinaUITests/Pods-Advance CarolinaUITests.debug.xcconfig</string>
			<key>sourceTree</key>
			<string>&lt;group&gt;</string>
		</dict>
		<key>9A15BC5EE2430D90FA7DAC27</key>
		<dict>
			<key>includeInIndex</key>
			<string>1</string>
			<key>isa</key>
			<string>PBXFileReference</string>
			<key>lastKnownFileType</key>
			<string>text.xcconfig</string>
			<key>name</key>
			<string>Pods-Advance CarolinaUITests.release.xcconfig</string>
			<key>path</key>
			<string>Pods/Target Support Files/Pods-Advance CarolinaUITests/Pods-Advance CarolinaUITests.release.xcconfig</string>
			<key>sourceTree</key>
			<string>&lt;group&gt;</string>
		</dict>
		<key>9D0BAF69F8ED520B8A5F7F9A</key>
		<dict>
			<key>buildActionMask</key>
			<string>2147483647</string>
			<key>files</key>
			<array/>
			<key>inputPaths</key>
			<array/>
			<key>isa</key>
			<string>PBXShellScriptBuildPhase</string>
			<key>name</key>
			<string>Embed Pods Frameworks</string>
			<key>outputPaths</key>
			<array/>
			<key>runOnlyForDeploymentPostprocessing</key>
			<string>0</string>
			<key>shellPath</key>
			<string>/bin/sh</string>
			<key>shellScript</key>
			<string>"${SRCROOT}/Pods/Target Support Files/Pods-Advance CarolinaTests/Pods-Advance CarolinaTests-frameworks.sh"
</string>
			<key>showEnvVarsInLog</key>
			<string>0</string>
		</dict>
		<key>9E93AF96AE90B969C2C4B5DA</key>
		<dict>
			<key>buildActionMask</key>
			<string>2147483647</string>
			<key>files</key>
			<array/>
			<key>inputPaths</key>
			<array/>
			<key>isa</key>
			<string>PBXShellScriptBuildPhase</string>
			<key>name</key>
			<string>&#128230; Check Pods Manifest.lock</string>
			<key>outputPaths</key>
			<array/>
			<key>runOnlyForDeploymentPostprocessing</key>
			<string>0</string>
			<key>shellPath</key>
			<string>/bin/sh</string>
			<key>shellScript</key>
			<string>diff "${PODS_ROOT}/../Podfile.lock" "${PODS_ROOT}/Manifest.lock" &gt; /dev/null
if [[ $? != 0 ]] ; then
    cat &lt;&lt; EOM
error: The sandbox is not in sync with the Podfile.lock. Run 'pod install' or update your CocoaPods installation.
EOM
    exit 1
fi
</string>
			<key>showEnvVarsInLog</key>
			<string>0</string>
		</dict>
		<key>A7EDB24F7E89EF9F5B92AAF2</key>
		<dict>
			<key>fileRef</key>
			<string>293D6150D4B7A68F7527E826</string>
			<key>isa</key>
			<string>PBXBuildFile</string>
		</dict>
		<key>B57614CDC20141A3963700B8</key>
		<dict>
			<key>buildActionMask</key>
			<string>2147483647</string>
			<key>files</key>
			<array/>
			<key>inputPaths</key>
			<array/>
			<key>isa</key>
			<string>PBXShellScriptBuildPhase</string>
			<key>name</key>
			<string>&#128230; Copy Pods Resources</string>
			<key>outputPaths</key>
			<array/>
			<key>runOnlyForDeploymentPostprocessing</key>
			<string>0</string>
			<key>shellPath</key>
			<string>/bin/sh</string>
			<key>shellScript</key>
			<string>"${SRCROOT}/Pods/Target Support Files/Pods-Advance Carolina/Pods-Advance Carolina-resources.sh"
</string>
			<key>showEnvVarsInLog</key>
			<string>0</string>
		</dict>
		<key>C18A2E6C0760428ADC68D60C</key>
		<dict>
			<key>buildActionMask</key>
			<string>2147483647</string>
			<key>files</key>
			<array/>
			<key>inputPaths</key>
			<array/>
			<key>isa</key>
			<string>PBXShellScriptBuildPhase</string>
			<key>name</key>
			<string>&#128230; Embed Pods Frameworks</string>
			<key>outputPaths</key>
			<array/>
			<key>runOnlyForDeploymentPostprocessing</key>
			<string>0</string>
			<key>shellPath</key>
			<string>/bin/sh</string>
			<key>shellScript</key>
			<string>"${SRCROOT}/Pods/Target Support Files/Pods-Advance Carolina/Pods-Advance Carolina-frameworks.sh"
</string>
			<key>showEnvVarsInLog</key>
			<string>0</string>
		</dict>
		<key>C5F88A85F136A75676455B13</key>
		<dict>
			<key>buildActionMask</key>
			<string>2147483647</string>
			<key>files</key>
			<array/>
			<key>inputPaths</key>
			<array/>
			<key>isa</key>
			<string>PBXShellScriptBuildPhase</string>
			<key>name</key>
			<string>Check Pods Manifest.lock</string>
			<key>outputPaths</key>
			<array/>
			<key>runOnlyForDeploymentPostprocessing</key>
			<string>0</string>
			<key>shellPath</key>
			<string>/bin/sh</string>
			<key>shellScript</key>
			<string>diff "${PODS_ROOT}/../Podfile.lock" "${PODS_ROOT}/Manifest.lock" &gt; /dev/null
if [[ $? != 0 ]] ; then
    cat &lt;&lt; EOM
error: The sandbox is not in sync with the Podfile.lock. Run 'pod install' or update your CocoaPods installation.
EOM
    exit 1
fi
</string>
			<key>showEnvVarsInLog</key>
			<string>0</string>
		</dict>
		<key>D10C06A61C8E2F92005B6B23</key>
		<dict>
			<key>children</key>
			<array>
				<string>D10C06B11C8E2F92005B6B23</string>
				<string>D10C06C91C8E2F92005B6B23</string>
				<string>D10C06D41C8E2F93005B6B23</string>
				<string>D10C06B01C8E2F92005B6B23</string>
				<string>612FDAFBB8AD39C95F937643</string>
				<string>9054B74D2E1BF2F3AF01DA75</string>
			</array>
			<key>isa</key>
			<string>PBXGroup</string>
			<key>sourceTree</key>
			<string>&lt;group&gt;</string>
		</dict>
		<key>D10C06A71C8E2F92005B6B23</key>
		<dict>
			<key>attributes</key>
			<dict>
				<key>LastSwiftUpdateCheck</key>
				<string>0720</string>
				<key>LastUpgradeCheck</key>
				<string>0720</string>
				<key>ORGANIZATIONNAME</key>
				<string>Brown Box Works</string>
				<key>TargetAttributes</key>
				<dict>
					<key>D10C06AE1C8E2F92005B6B23</key>
					<dict>
						<key>CreatedOnToolsVersion</key>
						<string>7.2.1</string>
						<key>DevelopmentTeam</key>
						<string>L6WD86F9N5</string>
						<key>SystemCapabilities</key>
						<dict>
							<key>com.apple.Push</key>
							<dict>
								<key>enabled</key>
								<string>1</string>
							</dict>
						</dict>
					</dict>
					<key>D10C06C51C8E2F92005B6B23</key>
					<dict>
						<key>CreatedOnToolsVersion</key>
						<string>7.2.1</string>
						<key>TestTargetID</key>
						<string>D10C06AE1C8E2F92005B6B23</string>
					</dict>
					<key>D10C06D01C8E2F93005B6B23</key>
					<dict>
						<key>CreatedOnToolsVersion</key>
						<string>7.2.1</string>
						<key>TestTargetID</key>
						<string>D10C06AE1C8E2F92005B6B23</string>
					</dict>
				</dict>
			</dict>
			<key>buildConfigurationList</key>
			<string>D10C06AA1C8E2F92005B6B23</string>
			<key>compatibilityVersion</key>
			<string>Xcode 3.2</string>
			<key>developmentRegion</key>
			<string>English</string>
			<key>hasScannedForEncodings</key>
			<string>0</string>
			<key>isa</key>
			<string>PBXProject</string>
			<key>knownRegions</key>
			<array>
				<string>en</string>
				<string>Base</string>
			</array>
			<key>mainGroup</key>
			<string>D10C06A61C8E2F92005B6B23</string>
			<key>productRefGroup</key>
			<string>D10C06B01C8E2F92005B6B23</string>
			<key>projectDirPath</key>
			<string></string>
			<key>projectReferences</key>
			<array/>
			<key>projectRoot</key>
			<string></string>
			<key>targets</key>
			<array>
				<string>D10C06AE1C8E2F92005B6B23</string>
				<string>D10C06C51C8E2F92005B6B23</string>
				<string>D10C06D01C8E2F93005B6B23</string>
			</array>
		</dict>
		<key>D10C06AA1C8E2F92005B6B23</key>
		<dict>
			<key>buildConfigurations</key>
			<array>
				<string>D10C06D81C8E2F93005B6B23</string>
				<string>D10C06D91C8E2F93005B6B23</string>
			</array>
			<key>defaultConfigurationIsVisible</key>
			<string>0</string>
			<key>defaultConfigurationName</key>
			<string>Release</string>
			<key>isa</key>
			<string>XCConfigurationList</string>
		</dict>
		<key>D10C06AB1C8E2F92005B6B23</key>
		<dict>
			<key>buildActionMask</key>
			<string>2147483647</string>
			<key>files</key>
			<array>
				<string>64785D341C98E254009EB8B0</string>
				<string>D19399AC1CB0634800BC8E5D</string>
				<string>64CE276A1CAE08DC008EE0E8</string>
				<string>D19399B21CB0636900BC8E5D</string>
				<string>D128D80E1C8F6143002DE1CE</string>
				<string>D19399AB1CB0634800BC8E5D</string>
				<string>D1DC03491C8F872400D5563D</string>
				<string>D10C06B51C8E2F92005B6B23</string>
				<string>D19399AA1CB0634800BC8E5D</string>
				<string>D19399B61CB0985500BC8E5D</string>
				<string>D173EFAF1C93BB0200593DFD</string>
				<string>D19399AF1CB0635B00BC8E5D</string>
				<string>6467A3C91C987353002A1557</string>
				<string>D10C06B31C8E2F92005B6B23</string>
				<string>6467A3C61C986FF2002A1557</string>
				<string>D173EFAC1C93A24500593DFD</string>
				<string>D10C06BB1C8E2F92005B6B23</string>
				<string>D128D8151C8F676B002DE1CE</string>
				<string>64263FFA1C99F8E800FBD584</string>
				<string>6467A3CC1C9873C2002A1557</string>
				<string>6467A3CF1C9887E3002A1557</string>
			</array>
			<key>isa</key>
			<string>PBXSourcesBuildPhase</string>
			<key>runOnlyForDeploymentPostprocessing</key>
			<string>0</string>
		</dict>
		<key>D10C06AC1C8E2F92005B6B23</key>
		<dict>
			<key>buildActionMask</key>
			<string>2147483647</string>
			<key>files</key>
			<array>
				<string>D128D81B1C8F700E002DE1CE</string>
				<string>D128D8191C8F7008002DE1CE</string>
				<string>D128D8171C8F6FFF002DE1CE</string>
				<string>334E495CE8BD67EA0EF69A6D</string>
			</array>
			<key>isa</key>
			<string>PBXFrameworksBuildPhase</string>
			<key>runOnlyForDeploymentPostprocessing</key>
			<string>0</string>
		</dict>
		<key>D10C06AD1C8E2F92005B6B23</key>
		<dict>
			<key>buildActionMask</key>
			<string>2147483647</string>
			<key>files</key>
			<array>
				<string>D19399B41CB0659A00BC8E5D</string>
				<string>D19399B81CB0985C00BC8E5D</string>
				<string>D10C06C01C8E2F92005B6B23</string>
				<string>64263FF71C99F27E00FBD584</string>
				<string>64CE27781CAE0B8C008EE0E8</string>
				<string>64CE277A1CAE0B99008EE0E8</string>
				<string>D128D8131C8F6435002DE1CE</string>
				<string>64CE276E1CAE0AC0008EE0E8</string>
				<string>64CE27751CAE0B7F008EE0E8</string>
				<string>D10C06BD1C8E2F92005B6B23</string>
				<string>64CE27701CAE0B4A008EE0E8</string>
				<string>D10C06B81C8E2F92005B6B23</string>
				<string>64CE27731CAE0B6E008EE0E8</string>
			</array>
			<key>isa</key>
			<string>PBXResourcesBuildPhase</string>
			<key>runOnlyForDeploymentPostprocessing</key>
			<string>0</string>
		</dict>
		<key>D10C06AE1C8E2F92005B6B23</key>
		<dict>
			<key>buildConfigurationList</key>
			<string>D10C06DA1C8E2F93005B6B23</string>
			<key>buildPhases</key>
			<array>
				<string>C5F88A85F136A75676455B13</string>
				<string>44E93549CAFCC91AA740C877</string>
				<string>D10C06AB1C8E2F92005B6B23</string>
				<string>D10C06AC1C8E2F92005B6B23</string>
				<string>D10C06AD1C8E2F92005B6B23</string>
				<string>C18A2E6C0760428ADC68D60C</string>
				<string>B57614CDC20141A3963700B8</string>
				<string>7652C995D093CFE3B79A119F</string>
				<string>E348C8B76C9B9B1D2768E4B6</string>
			</array>
			<key>buildRules</key>
			<array/>
			<key>dependencies</key>
			<array/>
			<key>isa</key>
			<string>PBXNativeTarget</string>
			<key>name</key>
			<string>Advance Carolina</string>
			<key>productName</key>
			<string>Advance Carolina</string>
			<key>productReference</key>
			<string>D10C06AF1C8E2F92005B6B23</string>
			<key>productType</key>
			<string>com.apple.product-type.application</string>
		</dict>
		<key>D10C06AF1C8E2F92005B6B23</key>
		<dict>
			<key>explicitFileType</key>
			<string>wrapper.application</string>
			<key>includeInIndex</key>
			<string>0</string>
			<key>isa</key>
			<string>PBXFileReference</string>
			<key>path</key>
			<string>Advance Carolina.app</string>
			<key>sourceTree</key>
			<string>BUILT_PRODUCTS_DIR</string>
		</dict>
		<key>D10C06B01C8E2F92005B6B23</key>
		<dict>
			<key>children</key>
			<array>
				<string>D10C06AF1C8E2F92005B6B23</string>
				<string>D10C06C61C8E2F92005B6B23</string>
				<string>D10C06D11C8E2F93005B6B23</string>
			</array>
			<key>isa</key>
			<string>PBXGroup</string>
			<key>name</key>
			<string>Products</string>
			<key>sourceTree</key>
			<string>&lt;group&gt;</string>
		</dict>
		<key>D10C06B11C8E2F92005B6B23</key>
		<dict>
			<key>children</key>
			<array>
				<string>D19399A51CB062E200BC8E5D</string>
				<string>D10C06B21C8E2F92005B6B23</string>
				<string>64CE276B1CAE08E1008EE0E8</string>
				<string>64263FF51C99F27100FBD584</string>
				<string>64785D321C98E22F009EB8B0</string>
				<string>6467A3CD1C9887C7002A1557</string>
				<string>6467A3CA1C9873B5002A1557</string>
				<string>64263FF81C99F89A00FBD584</string>
				<string>64CE277B1CAE0B9F008EE0E8</string>
				<string>6467A3C71C987348002A1557</string>
				<string>D10C06BC1C8E2F92005B6B23</string>
				<string>D10C06BE1C8E2F92005B6B23</string>
				<string>D10C06C11C8E2F92005B6B23</string>
				<string>D10C06B91C8E2F92005B6B23</string>
				<string>D128D8101C8F63F9002DE1CE</string>
				<string>D128D80F1C8F63EE002DE1CE</string>
				<string>D1DC034A1C8F878A00D5563D</string>
			</array>
			<key>isa</key>
			<string>PBXGroup</string>
			<key>path</key>
			<string>Advance Carolina</string>
			<key>sourceTree</key>
			<string>&lt;group&gt;</string>
		</dict>
		<key>D10C06B21C8E2F92005B6B23</key>
		<dict>
			<key>isa</key>
			<string>PBXFileReference</string>
			<key>lastKnownFileType</key>
			<string>sourcecode.swift</string>
			<key>path</key>
			<string>AppDelegate.swift</string>
			<key>sourceTree</key>
			<string>&lt;group&gt;</string>
		</dict>
		<key>D10C06B31C8E2F92005B6B23</key>
		<dict>
			<key>fileRef</key>
			<string>D10C06B21C8E2F92005B6B23</string>
			<key>isa</key>
			<string>PBXBuildFile</string>
		</dict>
		<key>D10C06B41C8E2F92005B6B23</key>
		<dict>
			<key>isa</key>
			<string>PBXFileReference</string>
			<key>lastKnownFileType</key>
			<string>sourcecode.swift</string>
			<key>path</key>
			<string>ViewController.swift</string>
			<key>sourceTree</key>
			<string>&lt;group&gt;</string>
		</dict>
		<key>D10C06B51C8E2F92005B6B23</key>
		<dict>
			<key>fileRef</key>
			<string>D10C06B41C8E2F92005B6B23</string>
			<key>isa</key>
			<string>PBXBuildFile</string>
		</dict>
		<key>D10C06B61C8E2F92005B6B23</key>
		<dict>
			<key>children</key>
			<array>
				<string>D10C06B71C8E2F92005B6B23</string>
			</array>
			<key>isa</key>
			<string>PBXVariantGroup</string>
			<key>name</key>
			<string>Main.storyboard</string>
			<key>sourceTree</key>
			<string>&lt;group&gt;</string>
		</dict>
		<key>D10C06B71C8E2F92005B6B23</key>
		<dict>
			<key>isa</key>
			<string>PBXFileReference</string>
			<key>lastKnownFileType</key>
			<string>file.storyboard</string>
			<key>name</key>
			<string>Base</string>
			<key>path</key>
			<string>Base.lproj/Main.storyboard</string>
			<key>sourceTree</key>
			<string>&lt;group&gt;</string>
		</dict>
		<key>D10C06B81C8E2F92005B6B23</key>
		<dict>
			<key>fileRef</key>
			<string>D10C06B61C8E2F92005B6B23</string>
			<key>isa</key>
			<string>PBXBuildFile</string>
		</dict>
		<key>D10C06B91C8E2F92005B6B23</key>
		<dict>
			<key>children</key>
			<array>
				<string>D10C06BA1C8E2F92005B6B23</string>
			</array>
			<key>currentVersion</key>
			<string>D10C06BA1C8E2F92005B6B23</string>
			<key>isa</key>
			<string>XCVersionGroup</string>
			<key>path</key>
			<string>Advance_Carolina.xcdatamodeld</string>
			<key>sourceTree</key>
			<string>&lt;group&gt;</string>
			<key>versionGroupType</key>
			<string>wrapper.xcdatamodel</string>
		</dict>
		<key>D10C06BA1C8E2F92005B6B23</key>
		<dict>
			<key>isa</key>
			<string>PBXFileReference</string>
			<key>lastKnownFileType</key>
			<string>wrapper.xcdatamodel</string>
			<key>path</key>
			<string>Advance_Carolina.xcdatamodel</string>
			<key>sourceTree</key>
			<string>&lt;group&gt;</string>
		</dict>
		<key>D10C06BB1C8E2F92005B6B23</key>
		<dict>
			<key>fileRef</key>
			<string>D10C06B91C8E2F92005B6B23</string>
			<key>isa</key>
			<string>PBXBuildFile</string>
		</dict>
		<key>D10C06BC1C8E2F92005B6B23</key>
		<dict>
			<key>isa</key>
			<string>PBXFileReference</string>
			<key>lastKnownFileType</key>
			<string>folder.assetcatalog</string>
			<key>path</key>
			<string>Assets.xcassets</string>
			<key>sourceTree</key>
			<string>&lt;group&gt;</string>
		</dict>
		<key>D10C06BD1C8E2F92005B6B23</key>
		<dict>
			<key>fileRef</key>
			<string>D10C06BC1C8E2F92005B6B23</string>
			<key>isa</key>
			<string>PBXBuildFile</string>
		</dict>
		<key>D10C06BE1C8E2F92005B6B23</key>
		<dict>
			<key>children</key>
			<array>
				<string>D10C06BF1C8E2F92005B6B23</string>
			</array>
			<key>isa</key>
			<string>PBXVariantGroup</string>
			<key>name</key>
			<string>LaunchScreen.storyboard</string>
			<key>sourceTree</key>
			<string>&lt;group&gt;</string>
		</dict>
		<key>D10C06BF1C8E2F92005B6B23</key>
		<dict>
			<key>isa</key>
			<string>PBXFileReference</string>
			<key>lastKnownFileType</key>
			<string>file.storyboard</string>
			<key>name</key>
			<string>Base</string>
			<key>path</key>
			<string>Base.lproj/LaunchScreen.storyboard</string>
			<key>sourceTree</key>
			<string>&lt;group&gt;</string>
		</dict>
		<key>D10C06C01C8E2F92005B6B23</key>
		<dict>
			<key>fileRef</key>
			<string>D10C06BE1C8E2F92005B6B23</string>
			<key>isa</key>
			<string>PBXBuildFile</string>
		</dict>
		<key>D10C06C11C8E2F92005B6B23</key>
		<dict>
			<key>isa</key>
			<string>PBXFileReference</string>
			<key>lastKnownFileType</key>
			<string>text.plist.xml</string>
			<key>path</key>
			<string>Info.plist</string>
			<key>sourceTree</key>
			<string>&lt;group&gt;</string>
		</dict>
		<key>D10C06C21C8E2F92005B6B23</key>
		<dict>
			<key>buildActionMask</key>
			<string>2147483647</string>
			<key>files</key>
			<array>
				<string>D10C06CB1C8E2F92005B6B23</string>
			</array>
			<key>isa</key>
			<string>PBXSourcesBuildPhase</string>
			<key>runOnlyForDeploymentPostprocessing</key>
			<string>0</string>
		</dict>
		<key>D10C06C31C8E2F92005B6B23</key>
		<dict>
			<key>buildActionMask</key>
			<string>2147483647</string>
			<key>files</key>
			<array>
				<string>A7EDB24F7E89EF9F5B92AAF2</string>
			</array>
			<key>isa</key>
			<string>PBXFrameworksBuildPhase</string>
			<key>runOnlyForDeploymentPostprocessing</key>
			<string>0</string>
		</dict>
		<key>D10C06C41C8E2F92005B6B23</key>
		<dict>
			<key>buildActionMask</key>
			<string>2147483647</string>
			<key>files</key>
			<array/>
			<key>isa</key>
			<string>PBXResourcesBuildPhase</string>
			<key>runOnlyForDeploymentPostprocessing</key>
			<string>0</string>
		</dict>
		<key>D10C06C51C8E2F92005B6B23</key>
		<dict>
			<key>buildConfigurationList</key>
			<string>D10C06DD1C8E2F93005B6B23</string>
			<key>buildPhases</key>
			<array>
				<string>2FD6D9F48B308BDCD77D1031</string>
				<string>9E93AF96AE90B969C2C4B5DA</string>
				<string>D10C06C21C8E2F92005B6B23</string>
				<string>D10C06C31C8E2F92005B6B23</string>
				<string>D10C06C41C8E2F92005B6B23</string>
				<string>5C4438E273CCE42369376608</string>
				<string>08718B47E01ACC47F1307CF3</string>
				<string>9D0BAF69F8ED520B8A5F7F9A</string>
				<string>3777BD80AA71C6F253631B78</string>
			</array>
			<key>buildRules</key>
			<array/>
			<key>dependencies</key>
			<array>
				<string>D10C06C81C8E2F92005B6B23</string>
			</array>
			<key>isa</key>
			<string>PBXNativeTarget</string>
			<key>name</key>
			<string>Advance CarolinaTests</string>
			<key>productName</key>
			<string>Advance CarolinaTests</string>
			<key>productReference</key>
			<string>D10C06C61C8E2F92005B6B23</string>
			<key>productType</key>
			<string>com.apple.product-type.bundle.unit-test</string>
		</dict>
		<key>D10C06C61C8E2F92005B6B23</key>
		<dict>
			<key>explicitFileType</key>
			<string>wrapper.cfbundle</string>
			<key>includeInIndex</key>
			<string>0</string>
			<key>isa</key>
			<string>PBXFileReference</string>
			<key>path</key>
			<string>Advance CarolinaTests.xctest</string>
			<key>sourceTree</key>
			<string>BUILT_PRODUCTS_DIR</string>
		</dict>
		<key>D10C06C71C8E2F92005B6B23</key>
		<dict>
			<key>containerPortal</key>
			<string>D10C06A71C8E2F92005B6B23</string>
			<key>isa</key>
			<string>PBXContainerItemProxy</string>
			<key>proxyType</key>
			<string>1</string>
			<key>remoteGlobalIDString</key>
			<string>D10C06AE1C8E2F92005B6B23</string>
			<key>remoteInfo</key>
			<string>Advance Carolina</string>
		</dict>
		<key>D10C06C81C8E2F92005B6B23</key>
		<dict>
			<key>isa</key>
			<string>PBXTargetDependency</string>
			<key>target</key>
			<string>D10C06AE1C8E2F92005B6B23</string>
			<key>targetProxy</key>
			<string>D10C06C71C8E2F92005B6B23</string>
		</dict>
		<key>D10C06C91C8E2F92005B6B23</key>
		<dict>
			<key>children</key>
			<array>
				<string>D10C06CA1C8E2F92005B6B23</string>
				<string>D10C06CC1C8E2F92005B6B23</string>
			</array>
			<key>isa</key>
			<string>PBXGroup</string>
			<key>path</key>
			<string>Advance CarolinaTests</string>
			<key>sourceTree</key>
			<string>&lt;group&gt;</string>
		</dict>
		<key>D10C06CA1C8E2F92005B6B23</key>
		<dict>
			<key>isa</key>
			<string>PBXFileReference</string>
			<key>lastKnownFileType</key>
			<string>sourcecode.swift</string>
			<key>path</key>
			<string>Advance_CarolinaTests.swift</string>
			<key>sourceTree</key>
			<string>&lt;group&gt;</string>
		</dict>
		<key>D10C06CB1C8E2F92005B6B23</key>
		<dict>
			<key>fileRef</key>
			<string>D10C06CA1C8E2F92005B6B23</string>
			<key>isa</key>
			<string>PBXBuildFile</string>
		</dict>
		<key>D10C06CC1C8E2F92005B6B23</key>
		<dict>
			<key>isa</key>
			<string>PBXFileReference</string>
			<key>lastKnownFileType</key>
			<string>text.plist.xml</string>
			<key>path</key>
			<string>Info.plist</string>
			<key>sourceTree</key>
			<string>&lt;group&gt;</string>
		</dict>
		<key>D10C06CD1C8E2F93005B6B23</key>
		<dict>
			<key>buildActionMask</key>
			<string>2147483647</string>
			<key>files</key>
			<array>
				<string>D10C06D61C8E2F93005B6B23</string>
			</array>
			<key>isa</key>
			<string>PBXSourcesBuildPhase</string>
			<key>runOnlyForDeploymentPostprocessing</key>
			<string>0</string>
		</dict>
		<key>D10C06CE1C8E2F93005B6B23</key>
		<dict>
			<key>buildActionMask</key>
			<string>2147483647</string>
			<key>files</key>
			<array>
				<string>78127160650C1F98C6E09752</string>
			</array>
			<key>isa</key>
			<string>PBXFrameworksBuildPhase</string>
			<key>runOnlyForDeploymentPostprocessing</key>
			<string>0</string>
		</dict>
		<key>D10C06CF1C8E2F93005B6B23</key>
		<dict>
			<key>buildActionMask</key>
			<string>2147483647</string>
			<key>files</key>
			<array/>
			<key>isa</key>
			<string>PBXResourcesBuildPhase</string>
			<key>runOnlyForDeploymentPostprocessing</key>
			<string>0</string>
		</dict>
		<key>D10C06D01C8E2F93005B6B23</key>
		<dict>
			<key>buildConfigurationList</key>
			<string>D10C06E01C8E2F93005B6B23</string>
			<key>buildPhases</key>
			<array>
				<string>DFF41BC78D61B97E0097DCF9</string>
				<string>EF241E55DC9F01420988D436</string>
				<string>D10C06CD1C8E2F93005B6B23</string>
				<string>D10C06CE1C8E2F93005B6B23</string>
				<string>D10C06CF1C8E2F93005B6B23</string>
				<string>986422C1B0B61CF45759E480</string>
				<string>146D6764F6EB65CF4F2ECB05</string>
			</array>
			<key>buildRules</key>
			<array/>
			<key>dependencies</key>
			<array>
				<string>D10C06D31C8E2F93005B6B23</string>
			</array>
			<key>isa</key>
			<string>PBXNativeTarget</string>
			<key>name</key>
			<string>Advance CarolinaUITests</string>
			<key>productName</key>
			<string>Advance CarolinaUITests</string>
			<key>productReference</key>
			<string>D10C06D11C8E2F93005B6B23</string>
			<key>productType</key>
			<string>com.apple.product-type.bundle.ui-testing</string>
		</dict>
		<key>D10C06D11C8E2F93005B6B23</key>
		<dict>
			<key>explicitFileType</key>
			<string>wrapper.cfbundle</string>
			<key>includeInIndex</key>
			<string>0</string>
			<key>isa</key>
			<string>PBXFileReference</string>
			<key>path</key>
			<string>Advance CarolinaUITests.xctest</string>
			<key>sourceTree</key>
			<string>BUILT_PRODUCTS_DIR</string>
		</dict>
		<key>D10C06D21C8E2F93005B6B23</key>
		<dict>
			<key>containerPortal</key>
			<string>D10C06A71C8E2F92005B6B23</string>
			<key>isa</key>
			<string>PBXContainerItemProxy</string>
			<key>proxyType</key>
			<string>1</string>
			<key>remoteGlobalIDString</key>
			<string>D10C06AE1C8E2F92005B6B23</string>
			<key>remoteInfo</key>
			<string>Advance Carolina</string>
		</dict>
		<key>D10C06D31C8E2F93005B6B23</key>
		<dict>
			<key>isa</key>
			<string>PBXTargetDependency</string>
			<key>target</key>
			<string>D10C06AE1C8E2F92005B6B23</string>
			<key>targetProxy</key>
			<string>D10C06D21C8E2F93005B6B23</string>
		</dict>
		<key>D10C06D41C8E2F93005B6B23</key>
		<dict>
			<key>children</key>
			<array>
				<string>D10C06D51C8E2F93005B6B23</string>
				<string>D10C06D71C8E2F93005B6B23</string>
			</array>
			<key>isa</key>
			<string>PBXGroup</string>
			<key>path</key>
			<string>Advance CarolinaUITests</string>
			<key>sourceTree</key>
			<string>&lt;group&gt;</string>
		</dict>
		<key>D10C06D51C8E2F93005B6B23</key>
		<dict>
			<key>isa</key>
			<string>PBXFileReference</string>
			<key>lastKnownFileType</key>
			<string>sourcecode.swift</string>
			<key>path</key>
			<string>Advance_CarolinaUITests.swift</string>
			<key>sourceTree</key>
			<string>&lt;group&gt;</string>
		</dict>
		<key>D10C06D61C8E2F93005B6B23</key>
		<dict>
			<key>fileRef</key>
			<string>D10C06D51C8E2F93005B6B23</string>
			<key>isa</key>
			<string>PBXBuildFile</string>
		</dict>
		<key>D10C06D71C8E2F93005B6B23</key>
		<dict>
			<key>isa</key>
			<string>PBXFileReference</string>
			<key>lastKnownFileType</key>
			<string>text.plist.xml</string>
			<key>path</key>
			<string>Info.plist</string>
			<key>sourceTree</key>
			<string>&lt;group&gt;</string>
		</dict>
		<key>D10C06D81C8E2F93005B6B23</key>
		<dict>
			<key>buildSettings</key>
			<dict>
				<key>ALWAYS_SEARCH_USER_PATHS</key>
				<string>NO</string>
				<key>CLANG_CXX_LANGUAGE_STANDARD</key>
				<string>gnu++0x</string>
				<key>CLANG_CXX_LIBRARY</key>
				<string>libc++</string>
				<key>CLANG_ENABLE_MODULES</key>
				<string>YES</string>
				<key>CLANG_ENABLE_OBJC_ARC</key>
				<string>YES</string>
				<key>CLANG_WARN_BOOL_CONVERSION</key>
				<string>YES</string>
				<key>CLANG_WARN_CONSTANT_CONVERSION</key>
				<string>YES</string>
				<key>CLANG_WARN_DIRECT_OBJC_ISA_USAGE</key>
				<string>YES_ERROR</string>
				<key>CLANG_WARN_EMPTY_BODY</key>
				<string>YES</string>
				<key>CLANG_WARN_ENUM_CONVERSION</key>
				<string>YES</string>
				<key>CLANG_WARN_INT_CONVERSION</key>
				<string>YES</string>
				<key>CLANG_WARN_OBJC_ROOT_CLASS</key>
				<string>YES_ERROR</string>
				<key>CLANG_WARN_UNREACHABLE_CODE</key>
				<string>YES</string>
				<key>CLANG_WARN__DUPLICATE_METHOD_MATCH</key>
				<string>YES</string>
				<key>CODE_SIGN_IDENTITY[sdk=iphoneos*]</key>
				<string>iPhone Developer</string>
				<key>COPY_PHASE_STRIP</key>
				<string>NO</string>
				<key>DEBUG_INFORMATION_FORMAT</key>
				<string>dwarf</string>
				<key>ENABLE_STRICT_OBJC_MSGSEND</key>
				<string>YES</string>
				<key>ENABLE_TESTABILITY</key>
				<string>YES</string>
				<key>GCC_C_LANGUAGE_STANDARD</key>
				<string>gnu99</string>
				<key>GCC_DYNAMIC_NO_PIC</key>
				<string>NO</string>
				<key>GCC_NO_COMMON_BLOCKS</key>
				<string>YES</string>
				<key>GCC_OPTIMIZATION_LEVEL</key>
				<string>0</string>
				<key>GCC_PREPROCESSOR_DEFINITIONS</key>
				<array>
					<string>DEBUG=1</string>
					<string>$(inherited)</string>
				</array>
				<key>GCC_WARN_64_TO_32_BIT_CONVERSION</key>
				<string>YES</string>
				<key>GCC_WARN_ABOUT_RETURN_TYPE</key>
				<string>YES_ERROR</string>
				<key>GCC_WARN_UNDECLARED_SELECTOR</key>
				<string>YES</string>
				<key>GCC_WARN_UNINITIALIZED_AUTOS</key>
				<string>YES_AGGRESSIVE</string>
				<key>GCC_WARN_UNUSED_FUNCTION</key>
				<string>YES</string>
				<key>GCC_WARN_UNUSED_VARIABLE</key>
				<string>YES</string>
				<key>IPHONEOS_DEPLOYMENT_TARGET</key>
				<string>9.2</string>
				<key>MTL_ENABLE_DEBUG_INFO</key>
				<string>YES</string>
				<key>ONLY_ACTIVE_ARCH</key>
				<string>YES</string>
				<key>SDKROOT</key>
				<string>iphoneos</string>
				<key>SWIFT_OPTIMIZATION_LEVEL</key>
				<string>-Onone</string>
			</dict>
			<key>isa</key>
			<string>XCBuildConfiguration</string>
			<key>name</key>
			<string>Debug</string>
		</dict>
		<key>D10C06D91C8E2F93005B6B23</key>
		<dict>
			<key>buildSettings</key>
			<dict>
				<key>ALWAYS_SEARCH_USER_PATHS</key>
				<string>NO</string>
				<key>CLANG_CXX_LANGUAGE_STANDARD</key>
				<string>gnu++0x</string>
				<key>CLANG_CXX_LIBRARY</key>
				<string>libc++</string>
				<key>CLANG_ENABLE_MODULES</key>
				<string>YES</string>
				<key>CLANG_ENABLE_OBJC_ARC</key>
				<string>YES</string>
				<key>CLANG_WARN_BOOL_CONVERSION</key>
				<string>YES</string>
				<key>CLANG_WARN_CONSTANT_CONVERSION</key>
				<string>YES</string>
				<key>CLANG_WARN_DIRECT_OBJC_ISA_USAGE</key>
				<string>YES_ERROR</string>
				<key>CLANG_WARN_EMPTY_BODY</key>
				<string>YES</string>
				<key>CLANG_WARN_ENUM_CONVERSION</key>
				<string>YES</string>
				<key>CLANG_WARN_INT_CONVERSION</key>
				<string>YES</string>
				<key>CLANG_WARN_OBJC_ROOT_CLASS</key>
				<string>YES_ERROR</string>
				<key>CLANG_WARN_UNREACHABLE_CODE</key>
				<string>YES</string>
				<key>CLANG_WARN__DUPLICATE_METHOD_MATCH</key>
				<string>YES</string>
				<key>CODE_SIGN_IDENTITY[sdk=iphoneos*]</key>
				<string>iPhone Developer</string>
				<key>COPY_PHASE_STRIP</key>
				<string>NO</string>
				<key>DEBUG_INFORMATION_FORMAT</key>
				<string>dwarf-with-dsym</string>
				<key>ENABLE_NS_ASSERTIONS</key>
				<string>NO</string>
				<key>ENABLE_STRICT_OBJC_MSGSEND</key>
				<string>YES</string>
				<key>GCC_C_LANGUAGE_STANDARD</key>
				<string>gnu99</string>
				<key>GCC_NO_COMMON_BLOCKS</key>
				<string>YES</string>
				<key>GCC_WARN_64_TO_32_BIT_CONVERSION</key>
				<string>YES</string>
				<key>GCC_WARN_ABOUT_RETURN_TYPE</key>
				<string>YES_ERROR</string>
				<key>GCC_WARN_UNDECLARED_SELECTOR</key>
				<string>YES</string>
				<key>GCC_WARN_UNINITIALIZED_AUTOS</key>
				<string>YES_AGGRESSIVE</string>
				<key>GCC_WARN_UNUSED_FUNCTION</key>
				<string>YES</string>
				<key>GCC_WARN_UNUSED_VARIABLE</key>
				<string>YES</string>
				<key>IPHONEOS_DEPLOYMENT_TARGET</key>
				<string>9.2</string>
				<key>MTL_ENABLE_DEBUG_INFO</key>
				<string>NO</string>
				<key>SDKROOT</key>
				<string>iphoneos</string>
				<key>VALIDATE_PRODUCT</key>
				<string>YES</string>
			</dict>
			<key>isa</key>
			<string>XCBuildConfiguration</string>
			<key>name</key>
			<string>Release</string>
		</dict>
		<key>D10C06DA1C8E2F93005B6B23</key>
		<dict>
			<key>buildConfigurations</key>
			<array>
				<string>D10C06DB1C8E2F93005B6B23</string>
				<string>D10C06DC1C8E2F93005B6B23</string>
			</array>
			<key>defaultConfigurationIsVisible</key>
			<string>0</string>
			<key>defaultConfigurationName</key>
			<string>Release</string>
			<key>isa</key>
			<string>XCConfigurationList</string>
		</dict>
		<key>D10C06DB1C8E2F93005B6B23</key>
		<dict>
			<key>baseConfigurationReference</key>
			<string>5D077C8214D7E7D794672CB7</string>
			<key>buildSettings</key>
			<dict>
				<key>ASSETCATALOG_COMPILER_APPICON_NAME</key>
				<string>AppIcon</string>
				<key>CLANG_ENABLE_MODULES</key>
				<string>YES</string>
				<key>CODE_SIGN_IDENTITY</key>
				<string>iPhone Developer</string>
				<key>CODE_SIGN_IDENTITY[sdk=iphoneos*]</key>
				<string>iPhone Developer</string>
				<key>INFOPLIST_FILE</key>
				<string>Advance Carolina/Info.plist</string>
				<key>IPHONEOS_DEPLOYMENT_TARGET</key>
				<string>9.0</string>
				<key>LD_RUNPATH_SEARCH_PATHS</key>
				<string>$(inherited) @executable_path/Frameworks</string>
				<key>PRODUCT_BUNDLE_IDENTIFIER</key>
				<string>com.app.AdvanceCarolina</string>
				<key>PRODUCT_NAME</key>
				<string>$(TARGET_NAME)</string>
				<key>PROVISIONING_PROFILE</key>
				<string></string>
				<key>SWIFT_OBJC_BRIDGING_HEADER</key>
				<string>Advance Carolina/Advance Carolina-Bridging-Header.h</string>
				<key>SWIFT_OPTIMIZATION_LEVEL</key>
				<string>-Onone</string>
			</dict>
			<key>isa</key>
			<string>XCBuildConfiguration</string>
			<key>name</key>
			<string>Debug</string>
		</dict>
		<key>D10C06DC1C8E2F93005B6B23</key>
		<dict>
			<key>baseConfigurationReference</key>
			<string>FA89F67263DED880897DB506</string>
			<key>buildSettings</key>
			<dict>
				<key>ASSETCATALOG_COMPILER_APPICON_NAME</key>
				<string>AppIcon</string>
				<key>CLANG_ENABLE_MODULES</key>
				<string>YES</string>
				<key>CODE_SIGN_IDENTITY</key>
				<string>iPhone Developer</string>
				<key>CODE_SIGN_IDENTITY[sdk=iphoneos*]</key>
				<string>iPhone Developer</string>
				<key>INFOPLIST_FILE</key>
				<string>Advance Carolina/Info.plist</string>
				<key>IPHONEOS_DEPLOYMENT_TARGET</key>
				<string>9.0</string>
				<key>LD_RUNPATH_SEARCH_PATHS</key>
				<string>$(inherited) @executable_path/Frameworks</string>
				<key>PRODUCT_BUNDLE_IDENTIFIER</key>
				<string>com.app.AdvanceCarolina</string>
				<key>PRODUCT_NAME</key>
				<string>$(TARGET_NAME)</string>
				<key>PROVISIONING_PROFILE</key>
				<string></string>
				<key>SWIFT_OBJC_BRIDGING_HEADER</key>
				<string>Advance Carolina/Advance Carolina-Bridging-Header.h</string>
			</dict>
			<key>isa</key>
			<string>XCBuildConfiguration</string>
			<key>name</key>
			<string>Release</string>
		</dict>
		<key>D10C06DD1C8E2F93005B6B23</key>
		<dict>
			<key>buildConfigurations</key>
			<array>
				<string>D10C06DE1C8E2F93005B6B23</string>
				<string>D10C06DF1C8E2F93005B6B23</string>
			</array>
			<key>defaultConfigurationIsVisible</key>
			<string>0</string>
			<key>defaultConfigurationName</key>
			<string>Release</string>
			<key>isa</key>
			<string>XCConfigurationList</string>
		</dict>
		<key>D10C06DE1C8E2F93005B6B23</key>
		<dict>
			<key>baseConfigurationReference</key>
			<string>2C571B2BA71CAC64E1C6C09C</string>
			<key>buildSettings</key>
			<dict>
				<key>BUNDLE_LOADER</key>
				<string>$(TEST_HOST)</string>
				<key>INFOPLIST_FILE</key>
				<string>Advance CarolinaTests/Info.plist</string>
				<key>LD_RUNPATH_SEARCH_PATHS</key>
				<string>$(inherited) @executable_path/Frameworks @loader_path/Frameworks</string>
				<key>PRODUCT_BUNDLE_IDENTIFIER</key>
				<string>com.app.Advance-CarolinaTests</string>
				<key>PRODUCT_NAME</key>
				<string>$(TARGET_NAME)</string>
				<key>TEST_HOST</key>
				<string>$(BUILT_PRODUCTS_DIR)/Advance Carolina.app/Advance Carolina</string>
			</dict>
			<key>isa</key>
			<string>XCBuildConfiguration</string>
			<key>name</key>
			<string>Debug</string>
		</dict>
		<key>D10C06DF1C8E2F93005B6B23</key>
		<dict>
			<key>baseConfigurationReference</key>
			<string>76B77AEC8D3AF6BA8D5ECAC2</string>
			<key>buildSettings</key>
			<dict>
				<key>BUNDLE_LOADER</key>
				<string>$(TEST_HOST)</string>
				<key>INFOPLIST_FILE</key>
				<string>Advance CarolinaTests/Info.plist</string>
				<key>LD_RUNPATH_SEARCH_PATHS</key>
				<string>$(inherited) @executable_path/Frameworks @loader_path/Frameworks</string>
				<key>PRODUCT_BUNDLE_IDENTIFIER</key>
				<string>com.app.Advance-CarolinaTests</string>
				<key>PRODUCT_NAME</key>
				<string>$(TARGET_NAME)</string>
				<key>TEST_HOST</key>
				<string>$(BUILT_PRODUCTS_DIR)/Advance Carolina.app/Advance Carolina</string>
			</dict>
			<key>isa</key>
			<string>XCBuildConfiguration</string>
			<key>name</key>
			<string>Release</string>
		</dict>
		<key>D10C06E01C8E2F93005B6B23</key>
		<dict>
			<key>buildConfigurations</key>
			<array>
				<string>D10C06E11C8E2F93005B6B23</string>
				<string>D10C06E21C8E2F93005B6B23</string>
			</array>
			<key>defaultConfigurationIsVisible</key>
			<string>0</string>
			<key>defaultConfigurationName</key>
			<string>Release</string>
			<key>isa</key>
			<string>XCConfigurationList</string>
		</dict>
		<key>D10C06E11C8E2F93005B6B23</key>
		<dict>
			<key>baseConfigurationReference</key>
			<string>99B839B7C584F4AF091FC6B7</string>
			<key>buildSettings</key>
			<dict>
				<key>INFOPLIST_FILE</key>
				<string>Advance CarolinaUITests/Info.plist</string>
				<key>LD_RUNPATH_SEARCH_PATHS</key>
				<string>$(inherited) @executable_path/Frameworks @loader_path/Frameworks</string>
				<key>PRODUCT_BUNDLE_IDENTIFIER</key>
				<string>com.app.Advance-CarolinaUITests</string>
				<key>PRODUCT_NAME</key>
				<string>$(TARGET_NAME)</string>
				<key>TEST_TARGET_NAME</key>
				<string>Advance Carolina</string>
				<key>USES_XCTRUNNER</key>
				<string>YES</string>
			</dict>
			<key>isa</key>
			<string>XCBuildConfiguration</string>
			<key>name</key>
			<string>Debug</string>
		</dict>
		<key>D10C06E21C8E2F93005B6B23</key>
		<dict>
			<key>baseConfigurationReference</key>
			<string>9A15BC5EE2430D90FA7DAC27</string>
			<key>buildSettings</key>
			<dict>
				<key>INFOPLIST_FILE</key>
				<string>Advance CarolinaUITests/Info.plist</string>
				<key>LD_RUNPATH_SEARCH_PATHS</key>
				<string>$(inherited) @executable_path/Frameworks @loader_path/Frameworks</string>
				<key>PRODUCT_BUNDLE_IDENTIFIER</key>
				<string>com.app.Advance-CarolinaUITests</string>
				<key>PRODUCT_NAME</key>
				<string>$(TARGET_NAME)</string>
				<key>TEST_TARGET_NAME</key>
				<string>Advance Carolina</string>
				<key>USES_XCTRUNNER</key>
				<string>YES</string>
			</dict>
			<key>isa</key>
			<string>XCBuildConfiguration</string>
			<key>name</key>
			<string>Release</string>
		</dict>
		<key>D128D80D1C8F6143002DE1CE</key>
		<dict>
			<key>fileEncoding</key>
			<string>4</string>
			<key>isa</key>
			<string>PBXFileReference</string>
			<key>lastKnownFileType</key>
			<string>sourcecode.swift</string>
			<key>path</key>
			<string>SampleBallotViewController.swift</string>
			<key>sourceTree</key>
			<string>&lt;group&gt;</string>
		</dict>
		<key>D128D80E1C8F6143002DE1CE</key>
		<dict>
			<key>fileRef</key>
			<string>D128D80D1C8F6143002DE1CE</string>
			<key>isa</key>
			<string>PBXBuildFile</string>
		</dict>
		<key>D128D80F1C8F63EE002DE1CE</key>
		<dict>
			<key>children</key>
			<array>
				<string>D128D8121C8F6435002DE1CE</string>
			</array>
			<key>isa</key>
			<string>PBXGroup</string>
			<key>name</key>
			<string>Supporting Files</string>
			<key>sourceTree</key>
			<string>&lt;group&gt;</string>
		</dict>
		<key>D128D8101C8F63F9002DE1CE</key>
		<dict>
			<key>children</key>
			<array/>
			<key>isa</key>
			<string>PBXGroup</string>
			<key>name</key>
			<string>Frameworks</string>
			<key>sourceTree</key>
			<string>&lt;group&gt;</string>
		</dict>
		<key>D128D8121C8F6435002DE1CE</key>
		<dict>
			<key>isa</key>
			<string>PBXFileReference</string>
			<key>lastKnownFileType</key>
			<string>image.pdf</string>
			<key>path</key>
			<string>pdf.pdf</string>
			<key>sourceTree</key>
			<string>&lt;group&gt;</string>
		</dict>
		<key>D128D8131C8F6435002DE1CE</key>
		<dict>
			<key>fileRef</key>
			<string>D128D8121C8F6435002DE1CE</string>
			<key>isa</key>
			<string>PBXBuildFile</string>
		</dict>
		<key>D128D8141C8F676B002DE1CE</key>
		<dict>
			<key>fileEncoding</key>
			<string>4</string>
			<key>isa</key>
			<string>PBXFileReference</string>
			<key>lastKnownFileType</key>
			<string>sourcecode.swift</string>
			<key>path</key>
			<string>ContactViewController.swift</string>
			<key>sourceTree</key>
			<string>&lt;group&gt;</string>
		</dict>
		<key>D128D8151C8F676B002DE1CE</key>
		<dict>
			<key>fileRef</key>
			<string>D128D8141C8F676B002DE1CE</string>
			<key>isa</key>
			<string>PBXBuildFile</string>
		</dict>
		<key>D128D8161C8F6FFF002DE1CE</key>
		<dict>
			<key>isa</key>
			<string>PBXFileReference</string>
			<key>lastKnownFileType</key>
			<string>wrapper.framework</string>
			<key>name</key>
			<string>CoreData.framework</string>
			<key>path</key>
			<string>System/Library/Frameworks/CoreData.framework</string>
			<key>sourceTree</key>
			<string>SDKROOT</string>
		</dict>
		<key>D128D8171C8F6FFF002DE1CE</key>
		<dict>
			<key>fileRef</key>
			<string>D128D8161C8F6FFF002DE1CE</string>
			<key>isa</key>
			<string>PBXBuildFile</string>
		</dict>
		<key>D128D8181C8F7008002DE1CE</key>
		<dict>
			<key>isa</key>
			<string>PBXFileReference</string>
			<key>lastKnownFileType</key>
			<string>wrapper.framework</string>
			<key>name</key>
			<string>MessageUI.framework</string>
			<key>path</key>
			<string>System/Library/Frameworks/MessageUI.framework</string>
			<key>sourceTree</key>
			<string>SDKROOT</string>
		</dict>
		<key>D128D8191C8F7008002DE1CE</key>
		<dict>
			<key>fileRef</key>
			<string>D128D8181C8F7008002DE1CE</string>
			<key>isa</key>
			<string>PBXBuildFile</string>
		</dict>
		<key>D128D81A1C8F700E002DE1CE</key>
		<dict>
			<key>isa</key>
			<string>PBXFileReference</string>
			<key>lastKnownFileType</key>
			<string>wrapper.framework</string>
			<key>name</key>
			<string>MapKit.framework</string>
			<key>path</key>
			<string>System/Library/Frameworks/MapKit.framework</string>
			<key>sourceTree</key>
			<string>SDKROOT</string>
		</dict>
		<key>D128D81B1C8F700E002DE1CE</key>
		<dict>
			<key>fileRef</key>
			<string>D128D81A1C8F700E002DE1CE</string>
			<key>isa</key>
			<string>PBXBuildFile</string>
		</dict>
		<key>D128D81C1C8F7B2B002DE1CE</key>
		<dict>
			<key>children</key>
			<array>
				<string>D1DC03481C8F872400D5563D</string>
			</array>
			<key>isa</key>
			<string>PBXGroup</string>
			<key>name</key>
			<string>News</string>
			<key>sourceTree</key>
			<string>&lt;group&gt;</string>
		</dict>
		<key>D173EFAB1C93A24500593DFD</key>
		<dict>
			<key>fileEncoding</key>
			<string>4</string>
			<key>isa</key>
			<string>PBXFileReference</string>
			<key>lastKnownFileType</key>
			<string>sourcecode.swift</string>
			<key>path</key>
			<string>PollingViewController.swift</string>
			<key>sourceTree</key>
			<string>&lt;group&gt;</string>
		</dict>
		<key>D173EFAC1C93A24500593DFD</key>
		<dict>
			<key>fileRef</key>
			<string>D173EFAB1C93A24500593DFD</string>
			<key>isa</key>
			<string>PBXBuildFile</string>
		</dict>
		<key>D173EFAD1C93BADE00593DFD</key>
		<dict>
			<key>children</key>
			<array>
				<string>D19399A61CB0631B00BC8E5D</string>
				<string>D173EFAE1C93BB0200593DFD</string>
				<string>6467A3C51C986FF2002A1557</string>
			</array>
			<key>isa</key>
			<string>PBXGroup</string>
			<key>name</key>
			<string>Polling</string>
			<key>sourceTree</key>
			<string>&lt;group&gt;</string>
		</dict>
		<key>D173EFAE1C93BB0200593DFD</key>
		<dict>
			<key>fileEncoding</key>
			<string>4</string>
			<key>isa</key>
			<string>PBXFileReference</string>
			<key>lastKnownFileType</key>
			<string>sourcecode.swift</string>
			<key>path</key>
			<string>PollingLocationViewController.swift</string>
			<key>sourceTree</key>
			<string>&lt;group&gt;</string>
		</dict>
		<key>D173EFAF1C93BB0200593DFD</key>
		<dict>
			<key>fileRef</key>
			<string>D173EFAE1C93BB0200593DFD</string>
			<key>isa</key>
			<string>PBXBuildFile</string>
		</dict>
		<key>D19399A51CB062E200BC8E5D</key>
		<dict>
			<key>children</key>
			<array>
				<string>D19399A71CB0634800BC8E5D</string>
				<string>D19399A81CB0634800BC8E5D</string>
				<string>D19399A91CB0634800BC8E5D</string>
			</array>
			<key>isa</key>
			<string>PBXGroup</string>
			<key>name</key>
			<string>Candidate</string>
			<key>sourceTree</key>
			<string>&lt;group&gt;</string>
		</dict>
		<key>D19399A61CB0631B00BC8E5D</key>
		<dict>
			<key>children</key>
			<array>
				<string>D19399AD1CB0635B00BC8E5D</string>
				<string>D19399AE1CB0635B00BC8E5D</string>
				<string>D19399B01CB0636900BC8E5D</string>
				<string>D19399B11CB0636900BC8E5D</string>
			</array>
			<key>isa</key>
			<string>PBXGroup</string>
			<key>name</key>
			<string>Polling Schedule</string>
			<key>sourceTree</key>
			<string>&lt;group&gt;</string>
		</dict>
		<key>D19399A71CB0634800BC8E5D</key>
		<dict>
			<key>fileEncoding</key>
			<string>4</string>
			<key>isa</key>
			<string>PBXFileReference</string>
			<key>lastKnownFileType</key>
			<string>sourcecode.swift</string>
			<key>path</key>
			<string>CandidateDetailViewController.swift</string>
			<key>sourceTree</key>
			<string>&lt;group&gt;</string>
		</dict>
		<key>D19399A81CB0634800BC8E5D</key>
		<dict>
			<key>fileEncoding</key>
			<string>4</string>
			<key>isa</key>
			<string>PBXFileReference</string>
			<key>lastKnownFileType</key>
			<string>sourcecode.swift</string>
			<key>path</key>
			<string>CandidateListTableViewController.swift</string>
			<key>sourceTree</key>
			<string>&lt;group&gt;</string>
		</dict>
		<key>D19399A91CB0634800BC8E5D</key>
		<dict>
			<key>fileEncoding</key>
			<string>4</string>
			<key>isa</key>
			<string>PBXFileReference</string>
			<key>lastKnownFileType</key>
			<string>sourcecode.swift</string>
			<key>path</key>
			<string>CandidateTableViewCell.swift</string>
			<key>sourceTree</key>
			<string>&lt;group&gt;</string>
		</dict>
		<key>D19399AA1CB0634800BC8E5D</key>
		<dict>
			<key>fileRef</key>
			<string>D19399A71CB0634800BC8E5D</string>
			<key>isa</key>
			<string>PBXBuildFile</string>
		</dict>
		<key>D19399AB1CB0634800BC8E5D</key>
		<dict>
			<key>fileRef</key>
			<string>D19399A81CB0634800BC8E5D</string>
			<key>isa</key>
			<string>PBXBuildFile</string>
		</dict>
		<key>D19399AC1CB0634800BC8E5D</key>
		<dict>
			<key>fileRef</key>
			<string>D19399A91CB0634800BC8E5D</string>
			<key>isa</key>
			<string>PBXBuildFile</string>
		</dict>
		<key>D19399AD1CB0635B00BC8E5D</key>
		<dict>
			<key>fileEncoding</key>
			<string>4</string>
			<key>isa</key>
			<string>PBXFileReference</string>
			<key>lastKnownFileType</key>
			<string>sourcecode.c.h</string>
			<key>path</key>
			<string>CreateScheduleViewController.h</string>
			<key>sourceTree</key>
			<string>&lt;group&gt;</string>
		</dict>
		<key>D19399AE1CB0635B00BC8E5D</key>
		<dict>
			<key>fileEncoding</key>
			<string>4</string>
			<key>isa</key>
			<string>PBXFileReference</string>
			<key>lastKnownFileType</key>
			<string>sourcecode.c.objc</string>
			<key>path</key>
			<string>CreateScheduleViewController.m</string>
			<key>sourceTree</key>
			<string>&lt;group&gt;</string>
		</dict>
		<key>D19399AF1CB0635B00BC8E5D</key>
		<dict>
			<key>fileRef</key>
			<string>D19399AE1CB0635B00BC8E5D</string>
			<key>isa</key>
			<string>PBXBuildFile</string>
		</dict>
		<key>D19399B01CB0636900BC8E5D</key>
		<dict>
			<key>fileEncoding</key>
			<string>4</string>
			<key>isa</key>
			<string>PBXFileReference</string>
			<key>lastKnownFileType</key>
			<string>sourcecode.c.h</string>
			<key>path</key>
			<string>ScheduleListViewController.h</string>
			<key>sourceTree</key>
			<string>&lt;group&gt;</string>
		</dict>
		<key>D19399B11CB0636900BC8E5D</key>
		<dict>
			<key>fileEncoding</key>
			<string>4</string>
			<key>isa</key>
			<string>PBXFileReference</string>
			<key>lastKnownFileType</key>
			<string>sourcecode.c.objc</string>
			<key>path</key>
			<string>ScheduleListViewController.m</string>
			<key>sourceTree</key>
			<string>&lt;group&gt;</string>
		</dict>
		<key>D19399B21CB0636900BC8E5D</key>
		<dict>
			<key>fileRef</key>
			<string>D19399B11CB0636900BC8E5D</string>
			<key>isa</key>
			<string>PBXBuildFile</string>
		</dict>
		<key>D19399B31CB0659A00BC8E5D</key>
		<dict>
			<key>fileEncoding</key>
			<string>4</string>
			<key>isa</key>
			<string>PBXFileReference</string>
			<key>lastKnownFileType</key>
			<string>file.storyboard</string>
			<key>path</key>
			<string>CreateScheduleStoryboard.storyboard</string>
			<key>sourceTree</key>
			<string>&lt;group&gt;</string>
		</dict>
		<key>D19399B41CB0659A00BC8E5D</key>
		<dict>
			<key>fileRef</key>
			<string>D19399B31CB0659A00BC8E5D</string>
			<key>isa</key>
			<string>PBXBuildFile</string>
		</dict>
		<key>D19399B51CB0985500BC8E5D</key>
		<dict>
			<key>fileEncoding</key>
			<string>4</string>
			<key>isa</key>
			<string>PBXFileReference</string>
			<key>lastKnownFileType</key>
			<string>sourcecode.swift</string>
			<key>path</key>
			<string>RegisterViewController.swift</string>
			<key>sourceTree</key>
			<string>&lt;group&gt;</string>
		</dict>
		<key>D19399B61CB0985500BC8E5D</key>
		<dict>
			<key>fileRef</key>
			<string>D19399B51CB0985500BC8E5D</string>
			<key>isa</key>
			<string>PBXBuildFile</string>
		</dict>
		<key>D19399B71CB0985C00BC8E5D</key>
		<dict>
			<key>fileEncoding</key>
			<string>4</string>
			<key>isa</key>
			<string>PBXFileReference</string>
			<key>lastKnownFileType</key>
			<string>file.storyboard</string>
			<key>path</key>
			<string>RegisterVoterInfo.storyboard</string>
			<key>sourceTree</key>
			<string>&lt;group&gt;</string>
		</dict>
		<key>D19399B81CB0985C00BC8E5D</key>
		<dict>
			<key>fileRef</key>
			<string>D19399B71CB0985C00BC8E5D</string>
			<key>isa</key>
			<string>PBXBuildFile</string>
		</dict>
		<key>D1DC03481C8F872400D5563D</key>
		<dict>
			<key>fileEncoding</key>
			<string>4</string>
			<key>isa</key>
			<string>PBXFileReference</string>
			<key>lastKnownFileType</key>
			<string>sourcecode.swift</string>
			<key>path</key>
			<string>FeedTableViewController.swift</string>
			<key>sourceTree</key>
			<string>&lt;group&gt;</string>
		</dict>
		<key>D1DC03491C8F872400D5563D</key>
		<dict>
			<key>fileRef</key>
			<string>D1DC03481C8F872400D5563D</string>
			<key>isa</key>
			<string>PBXBuildFile</string>
		</dict>
		<key>D1DC034A1C8F878A00D5563D</key>
		<dict>
			<key>isa</key>
			<string>PBXFileReference</string>
			<key>lastKnownFileType</key>
			<string>sourcecode.c.h</string>
			<key>path</key>
			<string>Advance Carolina-Bridging-Header.h</string>
			<key>sourceTree</key>
			<string>&lt;group&gt;</string>
		</dict>
		<key>D8D92BB2CF6AB8422DF10046</key>
		<dict>
			<key>explicitFileType</key>
			<string>wrapper.framework</string>
			<key>includeInIndex</key>
			<string>0</string>
			<key>isa</key>
			<string>PBXFileReference</string>
			<key>path</key>
			<string>Pods_Advance_Carolina.framework</string>
			<key>sourceTree</key>
			<string>BUILT_PRODUCTS_DIR</string>
		</dict>
		<key>DFF41BC78D61B97E0097DCF9</key>
		<dict>
			<key>buildActionMask</key>
			<string>2147483647</string>
			<key>files</key>
			<array/>
			<key>inputPaths</key>
			<array/>
			<key>isa</key>
			<string>PBXShellScriptBuildPhase</string>
			<key>name</key>
			<string>Check Pods Manifest.lock</string>
			<key>outputPaths</key>
			<array/>
			<key>runOnlyForDeploymentPostprocessing</key>
			<string>0</string>
			<key>shellPath</key>
			<string>/bin/sh</string>
			<key>shellScript</key>
			<string>diff "${PODS_ROOT}/../Podfile.lock" "${PODS_ROOT}/Manifest.lock" &gt; /dev/null
if [[ $? != 0 ]] ; then
    cat &lt;&lt; EOM
error: The sandbox is not in sync with the Podfile.lock. Run 'pod install' or update your CocoaPods installation.
EOM
    exit 1
fi
</string>
			<key>showEnvVarsInLog</key>
			<string>0</string>
		</dict>
		<key>E348C8B76C9B9B1D2768E4B6</key>
		<dict>
			<key>buildActionMask</key>
			<string>2147483647</string>
			<key>files</key>
			<array/>
			<key>inputPaths</key>
			<array/>
			<key>isa</key>
			<string>PBXShellScriptBuildPhase</string>
			<key>name</key>
			<string>Copy Pods Resources</string>
			<key>outputPaths</key>
			<array/>
			<key>runOnlyForDeploymentPostprocessing</key>
			<string>0</string>
			<key>shellPath</key>
			<string>/bin/sh</string>
			<key>shellScript</key>
			<string>"${SRCROOT}/Pods/Target Support Files/Pods-Advance Carolina/Pods-Advance Carolina-resources.sh"
</string>
			<key>showEnvVarsInLog</key>
			<string>0</string>
		</dict>
		<key>EF241E55DC9F01420988D436</key>
		<dict>
			<key>buildActionMask</key>
			<string>2147483647</string>
			<key>files</key>
			<array/>
			<key>inputPaths</key>
			<array/>
			<key>isa</key>
			<string>PBXShellScriptBuildPhase</string>
			<key>name</key>
			<string>&#128230; Check Pods Manifest.lock</string>
			<key>outputPaths</key>
			<array/>
			<key>runOnlyForDeploymentPostprocessing</key>
			<string>0</string>
			<key>shellPath</key>
			<string>/bin/sh</string>
			<key>shellScript</key>
			<string>diff "${PODS_ROOT}/../Podfile.lock" "${PODS_ROOT}/Manifest.lock" &gt; /dev/null
if [[ $? != 0 ]] ; then
    cat &lt;&lt; EOM
error: The sandbox is not in sync with the Podfile.lock. Run 'pod install' or update your CocoaPods installation.
EOM
    exit 1
fi
</string>
			<key>showEnvVarsInLog</key>
			<string>0</string>
		</dict>
		<key>FA89F67263DED880897DB506</key>
		<dict>
			<key>includeInIndex</key>
			<string>1</string>
			<key>isa</key>
			<string>PBXFileReference</string>
			<key>lastKnownFileType</key>
			<string>text.xcconfig</string>
			<key>name</key>
			<string>Pods-Advance Carolina.release.xcconfig</string>
			<key>path</key>
			<string>Pods/Target Support Files/Pods-Advance Carolina/Pods-Advance Carolina.release.xcconfig</string>
			<key>sourceTree</key>
			<string>&lt;group&gt;</string>
		</dict>
	</dict>
	<key>rootObject</key>
	<string>D10C06A71C8E2F92005B6B23</string>
</dict>
</plist>
